// !$*UTF8*$!
{
	archiveVersion = 1;
	classes = {
	};
	objectVersion = 56;
	objects = {

/* Begin PBXBuildFile section */
		46351A8E29ECF22400AFD105 /* SinglePlayerSetApp.swift in Sources */ = {isa = PBXBuildFile; fileRef = 46351A8D29ECF22400AFD105 /* SinglePlayerSetApp.swift */; };
		46351A9029ECF22400AFD105 /* SetGameView.swift in Sources */ = {isa = PBXBuildFile; fileRef = 46351A8F29ECF22400AFD105 /* SetGameView.swift */; };
		46351A9229ECF22900AFD105 /* Assets.xcassets in Resources */ = {isa = PBXBuildFile; fileRef = 46351A9129ECF22900AFD105 /* Assets.xcassets */; };
		46351A9529ECF22900AFD105 /* Preview Assets.xcassets in Resources */ = {isa = PBXBuildFile; fileRef = 46351A9429ECF22900AFD105 /* Preview Assets.xcassets */; };
		46351A9C29ECFF3600AFD105 /* SetGame.swift in Sources */ = {isa = PBXBuildFile; fileRef = 46351A9B29ECFF3600AFD105 /* SetGame.swift */; };
		46351A9E29ED034600AFD105 /* TriState.swift in Sources */ = {isa = PBXBuildFile; fileRef = 46351A9D29ED034600AFD105 /* TriState.swift */; };
		46351AA029ED34BB00AFD105 /* SetGameViewModel.swift in Sources */ = {isa = PBXBuildFile; fileRef = 46351A9F29ED34BB00AFD105 /* SetGameViewModel.swift */; };
		46351AA229ED41A700AFD105 /* DiamondShape.swift in Sources */ = {isa = PBXBuildFile; fileRef = 46351AA129ED41A700AFD105 /* DiamondShape.swift */; };
		46351AA429ED518F00AFD105 /* AspectVGrid.swift in Sources */ = {isa = PBXBuildFile; fileRef = 46351AA329ED518F00AFD105 /* AspectVGrid.swift */; };
		4657F65D29EED4E8005783F6 /* SwiggleShape.swift in Sources */ = {isa = PBXBuildFile; fileRef = 4657F65C29EED4E8005783F6 /* SwiggleShape.swift */; };
/* End PBXBuildFile section */

/* Begin PBXFileReference section */
		46351A8A29ECF22400AFD105 /* SinglePlayerSet.app */ = {isa = PBXFileReference; explicitFileType = wrapper.application; includeInIndex = 0; path = SinglePlayerSet.app; sourceTree = BUILT_PRODUCTS_DIR; };
		46351A8D29ECF22400AFD105 /* SinglePlayerSetApp.swift */ = {isa = PBXFileReference; lastKnownFileType = sourcecode.swift; path = SinglePlayerSetApp.swift; sourceTree = "<group>"; };
		46351A8F29ECF22400AFD105 /* SetGameView.swift */ = {isa = PBXFileReference; lastKnownFileType = sourcecode.swift; path = SetGameView.swift; sourceTree = "<group>"; };
		46351A9129ECF22900AFD105 /* Assets.xcassets */ = {isa = PBXFileReference; lastKnownFileType = folder.assetcatalog; path = Assets.xcassets; sourceTree = "<group>"; };
		46351A9429ECF22900AFD105 /* Preview Assets.xcassets */ = {isa = PBXFileReference; lastKnownFileType = folder.assetcatalog; path = "Preview Assets.xcassets"; sourceTree = "<group>"; };
		46351A9B29ECFF3600AFD105 /* SetGame.swift */ = {isa = PBXFileReference; lastKnownFileType = sourcecode.swift; path = SetGame.swift; sourceTree = "<group>"; };
		46351A9D29ED034600AFD105 /* TriState.swift */ = {isa = PBXFileReference; lastKnownFileType = sourcecode.swift; path = TriState.swift; sourceTree = "<group>"; };
		46351A9F29ED34BB00AFD105 /* SetGameViewModel.swift */ = {isa = PBXFileReference; lastKnownFileType = sourcecode.swift; path = SetGameViewModel.swift; sourceTree = "<group>"; };
		46351AA129ED41A700AFD105 /* DiamondShape.swift */ = {isa = PBXFileReference; lastKnownFileType = sourcecode.swift; path = DiamondShape.swift; sourceTree = "<group>"; };
		46351AA329ED518F00AFD105 /* AspectVGrid.swift */ = {isa = PBXFileReference; lastKnownFileType = sourcecode.swift; path = AspectVGrid.swift; sourceTree = "<group>"; };
		4657F65C29EED4E8005783F6 /* SwiggleShape.swift */ = {isa = PBXFileReference; lastKnownFileType = sourcecode.swift; path = SwiggleShape.swift; sourceTree = "<group>"; };
/* End PBXFileReference section */

/* Begin PBXFrameworksBuildPhase section */
		46351A8729ECF22400AFD105 /* Frameworks */ = {
			isa = PBXFrameworksBuildPhase;
			buildActionMask = 2147483647;
			files = (
			);
			runOnlyForDeploymentPostprocessing = 0;
		};
/* End PBXFrameworksBuildPhase section */

/* Begin PBXGroup section */
		46351A8129ECF22400AFD105 = {
			isa = PBXGroup;
			children = (
				46351A8C29ECF22400AFD105 /* SinglePlayerSet */,
				46351A8B29ECF22400AFD105 /* Products */,
			);
			sourceTree = "<group>";
		};
		46351A8B29ECF22400AFD105 /* Products */ = {
			isa = PBXGroup;
			children = (
				46351A8A29ECF22400AFD105 /* SinglePlayerSet.app */,
			);
			name = Products;
			sourceTree = "<group>";
		};
		46351A8C29ECF22400AFD105 /* SinglePlayerSet */ = {
			isa = PBXGroup;
			children = (
				46351A9D29ED034600AFD105 /* TriState.swift */,
				46351A8D29ECF22400AFD105 /* SinglePlayerSetApp.swift */,
				46351A8F29ECF22400AFD105 /* SetGameView.swift */,
				46351A9B29ECFF3600AFD105 /* SetGame.swift */,
				46351A9F29ED34BB00AFD105 /* SetGameViewModel.swift */,
				46351AA129ED41A700AFD105 /* DiamondShape.swift */,
				46351AA329ED518F00AFD105 /* AspectVGrid.swift */,
				46351A9129ECF22900AFD105 /* Assets.xcassets */,
				46351A9329ECF22900AFD105 /* Preview Content */,
				4657F65C29EED4E8005783F6 /* SwiggleShape.swift */,
			);
			path = SinglePlayerSet;
			sourceTree = "<group>";
		};
		46351A9329ECF22900AFD105 /* Preview Content */ = {
			isa = PBXGroup;
			children = (
				46351A9429ECF22900AFD105 /* Preview Assets.xcassets */,
			);
			path = "Preview Content";
			sourceTree = "<group>";
		};
/* End PBXGroup section */

/* Begin PBXNativeTarget section */
		46351A8929ECF22400AFD105 /* SinglePlayerSet */ = {
			isa = PBXNativeTarget;
			buildConfigurationList = 46351A9829ECF22900AFD105 /* Build configuration list for PBXNativeTarget "SinglePlayerSet" */;
			buildPhases = (
				46351A8629ECF22400AFD105 /* Sources */,
				46351A8729ECF22400AFD105 /* Frameworks */,
				46351A8829ECF22400AFD105 /* Resources */,
			);
			buildRules = (
			);
			dependencies = (
			);
			name = SinglePlayerSet;
			productName = SinglePlayerSet;
			productReference = 46351A8A29ECF22400AFD105 /* SinglePlayerSet.app */;
			productType = "com.apple.product-type.application";
		};
/* End PBXNativeTarget section */

/* Begin PBXProject section */
		46351A8229ECF22400AFD105 /* Project object */ = {
			isa = PBXProject;
			attributes = {
				BuildIndependentTargetsInParallel = 1;
				LastSwiftUpdateCheck = 1420;
				LastUpgradeCheck = 1420;
				TargetAttributes = {
					46351A8929ECF22400AFD105 = {
						CreatedOnToolsVersion = 14.2;
					};
				};
			};
			buildConfigurationList = 46351A8529ECF22400AFD105 /* Build configuration list for PBXProject "SinglePlayerSet" */;
			compatibilityVersion = "Xcode 14.0";
			developmentRegion = en;
			hasScannedForEncodings = 0;
			knownRegions = (
				en,
				Base,
			);
			mainGroup = 46351A8129ECF22400AFD105;
			productRefGroup = 46351A8B29ECF22400AFD105 /* Products */;
			projectDirPath = "";
			projectRoot = "";
			targets = (
				46351A8929ECF22400AFD105 /* SinglePlayerSet */,
			);
		};
/* End PBXProject section */

/* Begin PBXResourcesBuildPhase section */
		46351A8829ECF22400AFD105 /* Resources */ = {
			isa = PBXResourcesBuildPhase;
			buildActionMask = 2147483647;
			files = (
				46351A9529ECF22900AFD105 /* Preview Assets.xcassets in Resources */,
				46351A9229ECF22900AFD105 /* Assets.xcassets in Resources */,
			);
			runOnlyForDeploymentPostprocessing = 0;
		};
/* End PBXResourcesBuildPhase section */

/* Begin PBXSourcesBuildPhase section */
		46351A8629ECF22400AFD105 /* Sources */ = {
			isa = PBXSourcesBuildPhase;
			buildActionMask = 2147483647;
			files = (
				4657F65D29EED4E8005783F6 /* SwiggleShape.swift in Sources */,
				46351AA229ED41A700AFD105 /* DiamondShape.swift in Sources */,
				46351A9029ECF22400AFD105 /* SetGameView.swift in Sources */,
				46351AA429ED518F00AFD105 /* AspectVGrid.swift in Sources */,
				46351A9E29ED034600AFD105 /* TriState.swift in Sources */,
				46351A9C29ECFF3600AFD105 /* SetGame.swift in Sources */,
				46351A8E29ECF22400AFD105 /* SinglePlayerSetApp.swift in Sources */,
				46351AA029ED34BB00AFD105 /* SetGameViewModel.swift in Sources */,
			);
			runOnlyForDeploymentPostprocessing = 0;
		};
/* End PBXSourcesBuildPhase section */

/* Begin XCBuildConfiguration section */
		46351A9629ECF22900AFD105 /* Debug */ = {
			isa = XCBuildConfiguration;
			buildSettings = {
				ALWAYS_SEARCH_USER_PATHS = NO;
				CLANG_ANALYZER_NONNULL = YES;
				CLANG_ANALYZER_NUMBER_OBJECT_CONVERSION = YES_AGGRESSIVE;
				CLANG_CXX_LANGUAGE_STANDARD = "gnu++20";
				CLANG_ENABLE_MODULES = YES;
				CLANG_ENABLE_OBJC_ARC = YES;
				CLANG_ENABLE_OBJC_WEAK = YES;
				CLANG_WARN_BLOCK_CAPTURE_AUTORELEASING = YES;
				CLANG_WARN_BOOL_CONVERSION = YES;
				CLANG_WARN_COMMA = YES;
				CLANG_WARN_CONSTANT_CONVERSION = YES;
				CLANG_WARN_DEPRECATED_OBJC_IMPLEMENTATIONS = YES;
				CLANG_WARN_DIRECT_OBJC_ISA_USAGE = YES_ERROR;
				CLANG_WARN_DOCUMENTATION_COMMENTS = YES;
				CLANG_WARN_EMPTY_BODY = YES;
				CLANG_WARN_ENUM_CONVERSION = YES;
				CLANG_WARN_INFINITE_RECURSION = YES;
				CLANG_WARN_INT_CONVERSION = YES;
				CLANG_WARN_NON_LITERAL_NULL_CONVERSION = YES;
				CLANG_WARN_OBJC_IMPLICIT_RETAIN_SELF = YES;
				CLANG_WARN_OBJC_LITERAL_CONVERSION = YES;
				CLANG_WARN_OBJC_ROOT_CLASS = YES_ERROR;
				CLANG_WARN_QUOTED_INCLUDE_IN_FRAMEWORK_HEADER = YES;
				CLANG_WARN_RANGE_LOOP_ANALYSIS = YES;
				CLANG_WARN_STRICT_PROTOTYPES = YES;
				CLANG_WARN_SUSPICIOUS_MOVE = YES;
				CLANG_WARN_UNGUARDED_AVAILABILITY = YES_AGGRESSIVE;
				CLANG_WARN_UNREACHABLE_CODE = YES;
				CLANG_WARN__DUPLICATE_METHOD_MATCH = YES;
				COPY_PHASE_STRIP = NO;
				DEBUG_INFORMATION_FORMAT = dwarf;
				ENABLE_STRICT_OBJC_MSGSEND = YES;
				ENABLE_TESTABILITY = YES;
				GCC_C_LANGUAGE_STANDARD = gnu11;
				GCC_DYNAMIC_NO_PIC = NO;
				GCC_NO_COMMON_BLOCKS = YES;
				GCC_OPTIMIZATION_LEVEL = 0;
				GCC_PREPROCESSOR_DEFINITIONS = (
					"DEBUG=1",
					"$(inherited)",
				);
				GCC_WARN_64_TO_32_BIT_CONVERSION = YES;
				GCC_WARN_ABOUT_RETURN_TYPE = YES_ERROR;
				GCC_WARN_UNDECLARED_SELECTOR = YES;
				GCC_WARN_UNINITIALIZED_AUTOS = YES_AGGRESSIVE;
				GCC_WARN_UNUSED_FUNCTION = YES;
				GCC_WARN_UNUSED_VARIABLE = YES;
				IPHONEOS_DEPLOYMENT_TARGET = 16.2;
				MTL_ENABLE_DEBUG_INFO = INCLUDE_SOURCE;
				MTL_FAST_MATH = YES;
				ONLY_ACTIVE_ARCH = YES;
				SDKROOT = iphoneos;
				SWIFT_ACTIVE_COMPILATION_CONDITIONS = DEBUG;
				SWIFT_OPTIMIZATION_LEVEL = "-Onone";
			};
			name = Debug;
		};
		46351A9729ECF22900AFD105 /* Release */ = {
			isa = XCBuildConfiguration;
			buildSettings = {
				ALWAYS_SEARCH_USER_PATHS = NO;
				CLANG_ANALYZER_NONNULL = YES;
				CLANG_ANALYZER_NUMBER_OBJECT_CONVERSION = YES_AGGRESSIVE;
				CLANG_CXX_LANGUAGE_STANDARD = "gnu++20";
				CLANG_ENABLE_MODULES = YES;
				CLANG_ENABLE_OBJC_ARC = YES;
				CLANG_ENABLE_OBJC_WEAK = YES;
				CLANG_WARN_BLOCK_CAPTURE_AUTORELEASING = YES;
				CLANG_WARN_BOOL_CONVERSION = YES;
				CLANG_WARN_COMMA = YES;
				CLANG_WARN_CONSTANT_CONVERSION = YES;
				CLANG_WARN_DEPRECATED_OBJC_IMPLEMENTATIONS = YES;
				CLANG_WARN_DIRECT_OBJC_ISA_USAGE = YES_ERROR;
				CLANG_WARN_DOCUMENTATION_COMMENTS = YES;
				CLANG_WARN_EMPTY_BODY = YES;
				CLANG_WARN_ENUM_CONVERSION = YES;
				CLANG_WARN_INFINITE_RECURSION = YES;
				CLANG_WARN_INT_CONVERSION = YES;
				CLANG_WARN_NON_LITERAL_NULL_CONVERSION = YES;
				CLANG_WARN_OBJC_IMPLICIT_RETAIN_SELF = YES;
				CLANG_WARN_OBJC_LITERAL_CONVERSION = YES;
				CLANG_WARN_OBJC_ROOT_CLASS = YES_ERROR;
				CLANG_WARN_QUOTED_INCLUDE_IN_FRAMEWORK_HEADER = YES;
				CLANG_WARN_RANGE_LOOP_ANALYSIS = YES;
				CLANG_WARN_STRICT_PROTOTYPES = YES;
				CLANG_WARN_SUSPICIOUS_MOVE = YES;
				CLANG_WARN_UNGUARDED_AVAILABILITY = YES_AGGRESSIVE;
				CLANG_WARN_UNREACHABLE_CODE = YES;
				CLANG_WARN__DUPLICATE_METHOD_MATCH = YES;
				COPY_PHASE_STRIP = NO;
				DEBUG_INFORMATION_FORMAT = "dwarf-with-dsym";
				ENABLE_NS_ASSERTIONS = NO;
				ENABLE_STRICT_OBJC_MSGSEND = YES;
				GCC_C_LANGUAGE_STANDARD = gnu11;
				GCC_NO_COMMON_BLOCKS = YES;
				GCC_WARN_64_TO_32_BIT_CONVERSION = YES;
				GCC_WARN_ABOUT_RETURN_TYPE = YES_ERROR;
				GCC_WARN_UNDECLARED_SELECTOR = YES;
				GCC_WARN_UNINITIALIZED_AUTOS = YES_AGGRESSIVE;
				GCC_WARN_UNUSED_FUNCTION = YES;
				GCC_WARN_UNUSED_VARIABLE = YES;
				IPHONEOS_DEPLOYMENT_TARGET = 16.2;
				MTL_ENABLE_DEBUG_INFO = NO;
				MTL_FAST_MATH = YES;
				SDKROOT = iphoneos;
				SWIFT_COMPILATION_MODE = wholemodule;
				SWIFT_OPTIMIZATION_LEVEL = "-O";
				VALIDATE_PRODUCT = YES;
			};
			name = Release;
		};
		46351A9929ECF22900AFD105 /* Debug */ = {
			isa = XCBuildConfiguration;
			buildSettings = {
				ASSETCATALOG_COMPILER_APPICON_NAME = AppIcon;
				ASSETCATALOG_COMPILER_GLOBAL_ACCENT_COLOR_NAME = AccentColor;
				CODE_SIGN_STYLE = Automatic;
				CURRENT_PROJECT_VERSION = 1;
				DEVELOPMENT_ASSET_PATHS = "\"SinglePlayerSet/Preview Content\"";
				DEVELOPMENT_TEAM = BW3P8H7N9K;
				ENABLE_PREVIEWS = YES;
				GENERATE_INFOPLIST_FILE = YES;
				INFOPLIST_KEY_UIApplicationSceneManifest_Generation = YES;
				INFOPLIST_KEY_UIApplicationSupportsIndirectInputEvents = YES;
				INFOPLIST_KEY_UILaunchScreen_Generation = YES;
				INFOPLIST_KEY_UISupportedInterfaceOrientations_iPad = "UIInterfaceOrientationPortrait UIInterfaceOrientationPortraitUpsideDown UIInterfaceOrientationLandscapeLeft UIInterfaceOrientationLandscapeRight";
				INFOPLIST_KEY_UISupportedInterfaceOrientations_iPhone = "UIInterfaceOrientationPortrait UIInterfaceOrientationLandscapeLeft UIInterfaceOrientationLandscapeRight";
				LD_RUNPATH_SEARCH_PATHS = (
					"$(inherited)",
					"@executable_path/Frameworks",
				);
				MARKETING_VERSION = 1.0;
				PRODUCT_BUNDLE_IDENTIFIER = com.killnobody0514.SinglePlayerSet;
				PRODUCT_NAME = "$(TARGET_NAME)";
				SWIFT_EMIT_LOC_STRINGS = YES;
				SWIFT_VERSION = 5.0;
				TARGETED_DEVICE_FAMILY = "1,2";
			};
			name = Debug;
		};
		46351A9A29ECF22900AFD105 /* Release */ = {
			isa = XCBuildConfiguration;
			buildSettings = {
				ASSETCATALOG_COMPILER_APPICON_NAME = AppIcon;
				ASSETCATALOG_COMPILER_GLOBAL_ACCENT_COLOR_NAME = AccentColor;
				CODE_SIGN_STYLE = Automatic;
				CURRENT_PROJECT_VERSION = 1;
				DEVELOPMENT_ASSET_PATHS = "\"SinglePlayerSet/Preview Content\"";
				DEVELOPMENT_TEAM = BW3P8H7N9K;
				ENABLE_PREVIEWS = YES;
				GENERATE_INFOPLIST_FILE = YES;
				INFOPLIST_KEY_UIApplicationSceneManifest_Generation = YES;
				INFOPLIST_KEY_UIApplicationSupportsIndirectInputEvents = YES;
				INFOPLIST_KEY_UILaunchScreen_Generation = YES;
				INFOPLIST_KEY_UISupportedInterfaceOrientations_iPad = "UIInterfaceOrientationPortrait UIInterfaceOrientationPortraitUpsideDown UIInterfaceOrientationLandscapeLeft UIInterfaceOrientationLandscapeRight";
				INFOPLIST_KEY_UISupportedInterfaceOrientations_iPhone = "UIInterfaceOrientationPortrait UIInterfaceOrientationLandscapeLeft UIInterfaceOrientationLandscapeRight";
				LD_RUNPATH_SEARCH_PATHS = (
					"$(inherited)",
					"@executable_path/Frameworks",
				);
				MARKETING_VERSION = 1.0;
				PRODUCT_BUNDLE_IDENTIFIER = com.killnobody0514.SinglePlayerSet;
				PRODUCT_NAME = "$(TARGET_NAME)";
				SWIFT_EMIT_LOC_STRINGS = YES;
				SWIFT_VERSION = 5.0;
				TARGETED_DEVICE_FAMILY = "1,2";
			};
			name = Release;
		};
/* End XCBuildConfiguration section */

/* Begin XCConfigurationList section */
		46351A8529ECF22400AFD105 /* Build configuration list for PBXProject "SinglePlayerSet" */ = {
			isa = XCConfigurationList;
			buildConfigurations = (
				46351A9629ECF22900AFD105 /* Debug */,
				46351A9729ECF22900AFD105 /* Release */,
			);
			defaultConfigurationIsVisible = 0;
			defaultConfigurationName = Release;
		};
		46351A9829ECF22900AFD105 /* Build configuration list for PBXNativeTarget "SinglePlayerSet" */ = {
			isa = XCConfigurationList;
			buildConfigurations = (
				46351A9929ECF22900AFD105 /* Debug */,
				46351A9A29ECF22900AFD105 /* Release */,
			);
			defaultConfigurationIsVisible = 0;
			defaultConfigurationName = Release;
		};
/* End XCConfigurationList section */
	};
	rootObject = 46351A8229ECF22400AFD105 /* Project object */;
}
